
Microsoft Visual Studio Solution File, Format Version 12.00
# Visual Studio Version 17
VisualStudioVersion = 17.6.33829.357
MinimumVisualStudioVersion = 10.0.40219.1
Project("{FAE04EC0-301F-11D3-BF4B-00C04F79EFBC}") = "ProductAppEncapsulation", "ProductAppEncapsulation.csproj", "{4B835A6C-6E1A-4947-A8AF-CD9F54A21946}"
EndProject
Global
	GlobalSection(SolutionConfigurationPlatforms) = preSolution
		Debug|Any CPU = Debug|Any CPU
		Release|Any CPU = Release|Any CPU
	EndGlobalSection
	GlobalSection(ProjectConfigurationPlatforms) = postSolution
		{4B835A6C-6E1A-4947-A8AF-CD9F54A21946}.Debug|Any CPU.ActiveCfg = Debug|Any CPU
		{4B835A6C-6E1A-4947-A8AF-CD9F54A21946}.Debug|Any CPU.Build.0 = Debug|Any CPU
		{4B835A6C-6E1A-4947-A8AF-CD9F54A21946}.Release|Any CPU.ActiveCfg = Release|Any CPU
		{4B835A6C-6E1A-4947-A8AF-CD9F54A21946}.Release|Any CPU.Build.0 = Release|Any CPU
	EndGlobalSection
	GlobalSection(SolutionProperties) = preSolution
		HideSolutionNode = FALSE
	EndGlobalSection
	GlobalSection(ExtensibilityGlobals) = postSolution
		SolutionGuid = {8F13C30D-3CC0-4005-AC11-0D99F95440C7}
	EndGlobalSection
EndGlobal
